
Microsoft Visual Studio Solution File, Format Version 12.00
# Visual Studio 2015
Project("{FAE04EC0-301F-11D3-BF4B-00C04F79EFBC}") = "PresentationStudio.CSharp", "PresentationStudio.CSharp.csproj", "{55D0262F-5D98-6EF1-32A9-B62C1B819854}"
EndProject
Project("{FAE04EC0-301F-11D3-BF4B-00C04F79EFBC}") = "PresentationStudio.CSharp.Editor", "PresentationStudio.CSharp.Editor.csproj", "{D9C1DC5A-D202-0D76-FAAB-C1CB0D4125D9}"
EndProject
Global
	GlobalSection(SolutionConfigurationPlatforms) = preSolution
		Debug|Any CPU = Debug|Any CPU
		Release|Any CPU = Release|Any CPU
	EndGlobalSection
	GlobalSection(ProjectConfigurationPlatforms) = postSolution
		{55D0262F-5D98-6EF1-32A9-B62C1B819854}.Debug|Any CPU.ActiveCfg = Debug|Any CPU
		{55D0262F-5D98-6EF1-32A9-B62C1B819854}.Debug|Any CPU.Build.0 = Debug|Any CPU
		{55D0262F-5D98-6EF1-32A9-B62C1B819854}.Release|Any CPU.ActiveCfg = Release|Any CPU
		{55D0262F-5D98-6EF1-32A9-B62C1B819854}.Release|Any CPU.Build.0 = Release|Any CPU
		{D9C1DC5A-D202-0D76-FAAB-C1CB0D4125D9}.Debug|Any CPU.ActiveCfg = Debug|Any CPU
		{D9C1DC5A-D202-0D76-FAAB-C1CB0D4125D9}.Debug|Any CPU.Build.0 = Debug|Any CPU
		{D9C1DC5A-D202-0D76-FAAB-C1CB0D4125D9}.Release|Any CPU.ActiveCfg = Release|Any CPU
		{D9C1DC5A-D202-0D76-FAAB-C1CB0D4125D9}.Release|Any CPU.Build.0 = Release|Any CPU
	EndGlobalSection
	GlobalSection(SolutionProperties) = preSolution
		HideSolutionNode = FALSE
	EndGlobalSection
EndGlobal
