Microsoft Visual Studio Solution File, Format Version 11.00
# Visual Studio 2008

Project("{FBED6E52-51B9-87A3-7668-2C5F2A955B4F}") = "VRaudio-master", "Assembly-CSharp.csproj", "{4C2F6AE9-DFFB-CD1B-6404-63C245FB2DCA}"
EndProject
Project("{FBED6E52-51B9-87A3-7668-2C5F2A955B4F}") = "VRaudio-master", "Assembly-CSharp-Editor.csproj", "{70972C83-6185-2BCF-FBF8-915C456A0D84}"
EndProject
Global
	GlobalSection(SolutionConfigurationPlatforms) = preSolution
		Debug|Any CPU = Debug|Any CPU
		Release|Any CPU = Release|Any CPU
	EndGlobalSection
	GlobalSection(ProjectConfigurationPlatforms) = postSolution
		{4C2F6AE9-DFFB-CD1B-6404-63C245FB2DCA}.Debug|Any CPU.ActiveCfg = Debug|Any CPU
		{4C2F6AE9-DFFB-CD1B-6404-63C245FB2DCA}.Debug|Any CPU.Build.0 = Debug|Any CPU
		{4C2F6AE9-DFFB-CD1B-6404-63C245FB2DCA}.Release|Any CPU.ActiveCfg = Release|Any CPU
		{4C2F6AE9-DFFB-CD1B-6404-63C245FB2DCA}.Release|Any CPU.Build.0 = Release|Any CPU
		{70972C83-6185-2BCF-FBF8-915C456A0D84}.Debug|Any CPU.ActiveCfg = Debug|Any CPU
		{70972C83-6185-2BCF-FBF8-915C456A0D84}.Debug|Any CPU.Build.0 = Debug|Any CPU
		{70972C83-6185-2BCF-FBF8-915C456A0D84}.Release|Any CPU.ActiveCfg = Release|Any CPU
		{70972C83-6185-2BCF-FBF8-915C456A0D84}.Release|Any CPU.Build.0 = Release|Any CPU
	EndGlobalSection
	GlobalSection(SolutionProperties) = preSolution
		HideSolutionNode = FALSE
	EndGlobalSection
	GlobalSection(MonoDevelopProperties) = preSolution
		StartupItem = Assembly-CSharp.csproj
	EndGlobalSection
EndGlobal
